
Microsoft Visual Studio Solution File, Format Version 12.00
# Visual Studio Version 17
VisualStudioVersion = 17.6.33829.357
MinimumVisualStudioVersion = 10.0.40219.1
Project("{FAE04EC0-301F-11D3-BF4B-00C04F79EFBC}") = "Cartesian.CurrencyConverter", "Cartesian.CurrencyConverter.csproj", "{8A2C2E95-2FA0-4715-BF63-1B89E0F420F5}"
EndProject
Global
	GlobalSection(SolutionConfigurationPlatforms) = preSolution
		Debug|Any CPU = Debug|Any CPU
		Release|Any CPU = Release|Any CPU
	EndGlobalSection
	GlobalSection(ProjectConfigurationPlatforms) = postSolution
		{8A2C2E95-2FA0-4715-BF63-1B89E0F420F5}.Debug|Any CPU.ActiveCfg = Debug|Any CPU
		{8A2C2E95-2FA0-4715-BF63-1B89E0F420F5}.Debug|Any CPU.Build.0 = Debug|Any CPU
		{8A2C2E95-2FA0-4715-BF63-1B89E0F420F5}.Release|Any CPU.ActiveCfg = Release|Any CPU
		{8A2C2E95-2FA0-4715-BF63-1B89E0F420F5}.Release|Any CPU.Build.0 = Release|Any CPU
	EndGlobalSection
	GlobalSection(SolutionProperties) = preSolution
		HideSolutionNode = FALSE
	EndGlobalSection
	GlobalSection(ExtensibilityGlobals) = postSolution
		SolutionGuid = {B0CACB5F-FEDA-4A91-BC5E-52D4B3D1944F}
	EndGlobalSection
EndGlobal
