
Microsoft Visual Studio Solution File, Format Version 12.00
# Visual Studio Version 17
VisualStudioVersion = 17.6.33829.357
MinimumVisualStudioVersion = 10.0.40219.1
Project("{9A19103F-16F7-4668-BE54-9A1E7A4F7556}") = "Cartesian.CurrencyConverter", "Cartesian.CurrencyConverter.csproj", "{8A2C2E95-2FA0-4715-BF63-1B89E0F420F5}"
EndProject
Project("{9A19103F-16F7-4668-BE54-9A1E7A4F7556}") = "Cartesian.CurrencyConverter.Business", "..\Cartesian.CurrencyConverter.Business\Cartesian.CurrencyConverter.Business.csproj", "{DF8F4C91-0DCB-4A0F-ADA6-120AF423B43B}"
EndProject
Project("{FAE04EC0-301F-11D3-BF4B-00C04F79EFBC}") = "Cartesian.CurrencyConverter.Tests", "..\Cartesian.CurrencyConverter.Tests\Cartesian.CurrencyConverter.Tests.csproj", "{224B336A-F96A-431B-93AB-0DECE99C9EFF}"
EndProject
Global
	GlobalSection(SolutionConfigurationPlatforms) = preSolution
		Debug|Any CPU = Debug|Any CPU
		Release|Any CPU = Release|Any CPU
	EndGlobalSection
	GlobalSection(ProjectConfigurationPlatforms) = postSolution
		{8A2C2E95-2FA0-4715-BF63-1B89E0F420F5}.Debug|Any CPU.ActiveCfg = Debug|Any CPU
		{8A2C2E95-2FA0-4715-BF63-1B89E0F420F5}.Debug|Any CPU.Build.0 = Debug|Any CPU
		{8A2C2E95-2FA0-4715-BF63-1B89E0F420F5}.Release|Any CPU.ActiveCfg = Release|Any CPU
		{8A2C2E95-2FA0-4715-BF63-1B89E0F420F5}.Release|Any CPU.Build.0 = Release|Any CPU
		{DF8F4C91-0DCB-4A0F-ADA6-120AF423B43B}.Debug|Any CPU.ActiveCfg = Debug|Any CPU
		{DF8F4C91-0DCB-4A0F-ADA6-120AF423B43B}.Debug|Any CPU.Build.0 = Debug|Any CPU
		{DF8F4C91-0DCB-4A0F-ADA6-120AF423B43B}.Release|Any CPU.ActiveCfg = Release|Any CPU
		{DF8F4C91-0DCB-4A0F-ADA6-120AF423B43B}.Release|Any CPU.Build.0 = Release|Any CPU
		{224B336A-F96A-431B-93AB-0DECE99C9EFF}.Debug|Any CPU.ActiveCfg = Debug|Any CPU
		{224B336A-F96A-431B-93AB-0DECE99C9EFF}.Debug|Any CPU.Build.0 = Debug|Any CPU
		{224B336A-F96A-431B-93AB-0DECE99C9EFF}.Release|Any CPU.ActiveCfg = Release|Any CPU
		{224B336A-F96A-431B-93AB-0DECE99C9EFF}.Release|Any CPU.Build.0 = Release|Any CPU
	EndGlobalSection
	GlobalSection(SolutionProperties) = preSolution
		HideSolutionNode = FALSE
	EndGlobalSection
	GlobalSection(ExtensibilityGlobals) = postSolution
		SolutionGuid = {B0CACB5F-FEDA-4A91-BC5E-52D4B3D1944F}
	EndGlobalSection
EndGlobal
